
Microsoft Visual Studio Solution File, Format Version 12.00
# Visual Studio Version 16
VisualStudioVersion = 16.0.29215.179
MinimumVisualStudioVersion = 10.0.40219.1
Project("{FAE04EC0-301F-11D3-BF4B-00C04F79EFBC}") = "PasswordVerifier", "PasswordVerifier\PasswordVerifier.csproj", "{F4203C31-D7EF-4190-9B72-E1E31169B64F}"
EndProject
Project("{FAE04EC0-301F-11D3-BF4B-00C04F79EFBC}") = "PasswordVerifier.Tests", "PasswordVerifier.Tests\PasswordVerifier.Tests.csproj", "{9C0A773E-0893-453B-A253-792FDBDB88DE}"
EndProject
Global
	GlobalSection(SolutionConfigurationPlatforms) = preSolution
		Debug|Any CPU = Debug|Any CPU
		Release|Any CPU = Release|Any CPU
	EndGlobalSection
	GlobalSection(ProjectConfigurationPlatforms) = postSolution
		{F4203C31-D7EF-4190-9B72-E1E31169B64F}.Debug|Any CPU.ActiveCfg = Debug|Any CPU
		{F4203C31-D7EF-4190-9B72-E1E31169B64F}.Debug|Any CPU.Build.0 = Debug|Any CPU
		{F4203C31-D7EF-4190-9B72-E1E31169B64F}.Release|Any CPU.ActiveCfg = Release|Any CPU
		{F4203C31-D7EF-4190-9B72-E1E31169B64F}.Release|Any CPU.Build.0 = Release|Any CPU
		{9C0A773E-0893-453B-A253-792FDBDB88DE}.Debug|Any CPU.ActiveCfg = Debug|Any CPU
		{9C0A773E-0893-453B-A253-792FDBDB88DE}.Debug|Any CPU.Build.0 = Debug|Any CPU
		{9C0A773E-0893-453B-A253-792FDBDB88DE}.Release|Any CPU.ActiveCfg = Release|Any CPU
		{9C0A773E-0893-453B-A253-792FDBDB88DE}.Release|Any CPU.Build.0 = Release|Any CPU
	EndGlobalSection
	GlobalSection(SolutionProperties) = preSolution
		HideSolutionNode = FALSE
	EndGlobalSection
	GlobalSection(ExtensibilityGlobals) = postSolution
		SolutionGuid = {47019739-F98B-4D4C-8F8F-D159056340C1}
	EndGlobalSection
EndGlobal
